
Microsoft Visual Studio Solution File, Format Version 12.00
# Visual Studio Version 16
VisualStudioVersion = 16.0.31129.286
MinimumVisualStudioVersion = 10.0.40219.1
Project("{8BC9CEB8-8B4A-11D0-8D11-00A0C91BC942}") = "SpiderSharp", "SpiderSharp\SpiderSharp.vcxproj", "{1CA4E267-B0B6-492D-B6E1-38C84177092B}"
EndProject
Project("{9A19103F-16F7-4668-BE54-9A1E7A4F7556}") = "console_test_server", "console_test_server\console_test_server.csproj", "{ACB836AD-8DAF-48E1-949E-F4A3477E103F}"
EndProject
Project("{FAE04EC0-301F-11D3-BF4B-00C04F79EFBC}") = "console_test_client", "console_test_client\console_test_client.csproj", "{368E5A57-C79A-4AC9-BC45-236955C2CD07}"
EndProject
Global
	GlobalSection(SolutionConfigurationPlatforms) = preSolution
		Debug|Any CPU = Debug|Any CPU
		Debug|x64 = Debug|x64
		Debug|x86 = Debug|x86
		Release|Any CPU = Release|Any CPU
		Release|x64 = Release|x64
		Release|x86 = Release|x86
	EndGlobalSection
	GlobalSection(ProjectConfigurationPlatforms) = postSolution
		{1CA4E267-B0B6-492D-B6E1-38C84177092B}.Debug|Any CPU.ActiveCfg = Debug|Win32
		{1CA4E267-B0B6-492D-B6E1-38C84177092B}.Debug|x64.ActiveCfg = Debug|x64
		{1CA4E267-B0B6-492D-B6E1-38C84177092B}.Debug|x64.Build.0 = Debug|x64
		{1CA4E267-B0B6-492D-B6E1-38C84177092B}.Debug|x86.ActiveCfg = Debug|Win32
		{1CA4E267-B0B6-492D-B6E1-38C84177092B}.Debug|x86.Build.0 = Debug|Win32
		{1CA4E267-B0B6-492D-B6E1-38C84177092B}.Release|Any CPU.ActiveCfg = Release|Win32
		{1CA4E267-B0B6-492D-B6E1-38C84177092B}.Release|x64.ActiveCfg = Release|x64
		{1CA4E267-B0B6-492D-B6E1-38C84177092B}.Release|x64.Build.0 = Release|x64
		{1CA4E267-B0B6-492D-B6E1-38C84177092B}.Release|x86.ActiveCfg = Release|Win32
		{1CA4E267-B0B6-492D-B6E1-38C84177092B}.Release|x86.Build.0 = Release|Win32
		{ACB836AD-8DAF-48E1-949E-F4A3477E103F}.Debug|Any CPU.ActiveCfg = Debug|Any CPU
		{ACB836AD-8DAF-48E1-949E-F4A3477E103F}.Debug|Any CPU.Build.0 = Debug|Any CPU
		{ACB836AD-8DAF-48E1-949E-F4A3477E103F}.Debug|x64.ActiveCfg = Debug|x64
		{ACB836AD-8DAF-48E1-949E-F4A3477E103F}.Debug|x64.Build.0 = Debug|x64
		{ACB836AD-8DAF-48E1-949E-F4A3477E103F}.Debug|x86.ActiveCfg = Debug|Any CPU
		{ACB836AD-8DAF-48E1-949E-F4A3477E103F}.Debug|x86.Build.0 = Debug|Any CPU
		{ACB836AD-8DAF-48E1-949E-F4A3477E103F}.Release|Any CPU.ActiveCfg = Release|Any CPU
		{ACB836AD-8DAF-48E1-949E-F4A3477E103F}.Release|Any CPU.Build.0 = Release|Any CPU
		{ACB836AD-8DAF-48E1-949E-F4A3477E103F}.Release|x64.ActiveCfg = Release|x64
		{ACB836AD-8DAF-48E1-949E-F4A3477E103F}.Release|x64.Build.0 = Release|x64
		{ACB836AD-8DAF-48E1-949E-F4A3477E103F}.Release|x86.ActiveCfg = Release|Any CPU
		{ACB836AD-8DAF-48E1-949E-F4A3477E103F}.Release|x86.Build.0 = Release|Any CPU
		{368E5A57-C79A-4AC9-BC45-236955C2CD07}.Debug|Any CPU.ActiveCfg = Debug|Any CPU
		{368E5A57-C79A-4AC9-BC45-236955C2CD07}.Debug|Any CPU.Build.0 = Debug|Any CPU
		{368E5A57-C79A-4AC9-BC45-236955C2CD07}.Debug|x64.ActiveCfg = Debug|x64
		{368E5A57-C79A-4AC9-BC45-236955C2CD07}.Debug|x64.Build.0 = Debug|x64
		{368E5A57-C79A-4AC9-BC45-236955C2CD07}.Debug|x86.ActiveCfg = Debug|Any CPU
		{368E5A57-C79A-4AC9-BC45-236955C2CD07}.Debug|x86.Build.0 = Debug|Any CPU
		{368E5A57-C79A-4AC9-BC45-236955C2CD07}.Release|Any CPU.ActiveCfg = Release|Any CPU
		{368E5A57-C79A-4AC9-BC45-236955C2CD07}.Release|Any CPU.Build.0 = Release|Any CPU
		{368E5A57-C79A-4AC9-BC45-236955C2CD07}.Release|x64.ActiveCfg = Release|x64
		{368E5A57-C79A-4AC9-BC45-236955C2CD07}.Release|x64.Build.0 = Release|x64
		{368E5A57-C79A-4AC9-BC45-236955C2CD07}.Release|x86.ActiveCfg = Release|Any CPU
		{368E5A57-C79A-4AC9-BC45-236955C2CD07}.Release|x86.Build.0 = Release|Any CPU
	EndGlobalSection
	GlobalSection(SolutionProperties) = preSolution
		HideSolutionNode = FALSE
	EndGlobalSection
	GlobalSection(ExtensibilityGlobals) = postSolution
		SolutionGuid = {3C3A9A8A-DF4F-4640-8977-B712E25BB3E9}
	EndGlobalSection
EndGlobal
